
Microsoft Visual Studio Solution File, Format Version 12.00
# Visual Studio Version 17
VisualStudioVersion = 17.1.32210.238
MinimumVisualStudioVersion = 10.0.40219.1
Project("{FAE04EC0-301F-11D3-BF4B-00C04F79EFBC}") = "WpfApp1", "WpfApp1\WpfApp1.csproj", "{AF121AC1-A643-4FAD-B12E-B41D51E7F6AD}"
EndProject
Global
	GlobalSection(SolutionConfigurationPlatforms) = preSolution
		Debug|Any CPU = Debug|Any CPU
		Release|Any CPU = Release|Any CPU
	EndGlobalSection
	GlobalSection(ProjectConfigurationPlatforms) = postSolution
		{AF121AC1-A643-4FAD-B12E-B41D51E7F6AD}.Debug|Any CPU.ActiveCfg = Debug|Any CPU
		{AF121AC1-A643-4FAD-B12E-B41D51E7F6AD}.Debug|Any CPU.Build.0 = Debug|Any CPU
		{AF121AC1-A643-4FAD-B12E-B41D51E7F6AD}.Release|Any CPU.ActiveCfg = Release|Any CPU
		{AF121AC1-A643-4FAD-B12E-B41D51E7F6AD}.Release|Any CPU.Build.0 = Release|Any CPU
	EndGlobalSection
	GlobalSection(SolutionProperties) = preSolution
		HideSolutionNode = FALSE
	EndGlobalSection
	GlobalSection(ExtensibilityGlobals) = postSolution
		SolutionGuid = {C0C7C70E-FBCF-4CA0-B371-BE235C33B25A}
	EndGlobalSection
EndGlobal
